<?xml version="1.0" encoding="utf-8"?>
<Project ToolsVersion="4.0" xmlns="http://schemas.microsoft.com/developer/msbuild/2003">
  <ItemGroup>
    <Filter Include="源文件">
      <UniqueIdentifier>{4FC737F1-C7A5-4376-A066-2A32D752A2FF}</UniqueIdentifier>
      <Extensions>cpp;c;cc;cxx;c++;cppm;ixx;def;odl;idl;hpj;bat;asm;asmx</Extensions>
    </Filter>
    <Filter Include="头文件">
      <UniqueIdentifier>{93995380-89BD-4b04-88EB-625FBE52EBFB}</UniqueIdentifier>
      <Extensions>h;hh;hpp;hxx;h++;hm;inl;inc;ipp;xsd</Extensions>
    </Filter>
    <Filter Include="资源文件">
      <UniqueIdentifier>{67DA6AB6-F800-4c08-8B7A-83BB121AAD01}</UniqueIdentifier>
      <Extensions>rc;ico;cur;bmp;dlg;rc2;rct;bin;rgs;gif;jpg;jpeg;jpe;resx;tiff;tif;png;wav;mfcribbon-ms</Extensions>
    </Filter>
    <Filter Include="资源文件\Config">
      <UniqueIdentifier>{1b2150a9-3ecd-466c-8ed6-4c05d2b5feb9}</UniqueIdentifier>
    </Filter>
    <Filter Include="资源文件\Config\x64">
      <UniqueIdentifier>{bd9cc60a-cd73-4766-a69b-50fdfa675fc6}</UniqueIdentifier>
    </Filter>
    <Filter Include="资源文件\Config\x86">
      <UniqueIdentifier>{367324e4-0b88-4554-b1e1-cb4204867029}</UniqueIdentifier>
    </Filter>
    <Filter Include="源文件\WinDepends.Core">
      <UniqueIdentifier>{78ecf8b4-b05b-4c32-9e69-ffa7d56eae5b}</UniqueIdentifier>
    </Filter>
  </ItemGroup>
  <ItemGroup>
    <ClCompile Include="YY.Depends.Analyzer.cpp">
      <Filter>源文件</Filter>
    </ClCompile>
    <ClCompile Include="WinDepends.Core\apiset.cpp">
      <Filter>源文件\WinDepends.Core</Filter>
    </ClCompile>
  </ItemGroup>
  <ItemGroup>
    <Text Include="Config\x64\5.2.3790.txt">
      <Filter>资源文件\Config\x64</Filter>
    </Text>
    <Text Include="Config\x64\6.0.6000.txt">
      <Filter>资源文件\Config\x64</Filter>
    </Text>
    <Text Include="Config\x64\6.1.7600.txt">
      <Filter>资源文件\Config\x64</Filter>
    </Text>
    <Text Include="Config\x64\6.2.9200.txt">
      <Filter>资源文件\Config\x64</Filter>
    </Text>
    <Text Include="Config\x64\6.3.9600.txt">
      <Filter>资源文件\Config\x64</Filter>
    </Text>
    <Text Include="Config\x64\OrdinalMap.txt">
      <Filter>资源文件\Config\x64</Filter>
    </Text>
    <Text Include="Config\x86\5.1.2600.txt">
      <Filter>资源文件\Config\x86</Filter>
    </Text>
    <Text Include="Config\x86\6.0.6000.txt">
      <Filter>资源文件\Config\x86</Filter>
    </Text>
    <Text Include="Config\x86\6.1.7600.txt">
      <Filter>资源文件\Config\x86</Filter>
    </Text>
    <Text Include="Config\x86\6.2.9200.txt">
      <Filter>资源文件\Config\x86</Filter>
    </Text>
    <Text Include="Config\x86\6.3.9600.txt">
      <Filter>资源文件\Config\x86</Filter>
    </Text>
    <Text Include="Config\x86\OrdinalMap.txt">
      <Filter>资源文件\Config\x86</Filter>
    </Text>
  </ItemGroup>
  <ItemGroup>
    <ClInclude Include="WinDepends.Core\apisetx.h">
      <Filter>源文件\WinDepends.Core</Filter>
    </ClInclude>
  </ItemGroup>
</Project>