<?xml version="1.0" encoding="utf-8"?>
<Project ToolsVersion="4.0" xmlns="http://schemas.microsoft.com/developer/msbuild/2003">
  <ItemGroup>
    <Filter Include="源文件">
      <UniqueIdentifier>{4FC737F1-C7A5-4376-A066-2A32D752A2FF}</UniqueIdentifier>
      <Extensions>cpp;c;cc;cxx;c++;cppm;ixx;def;odl;idl;hpj;bat;asm;asmx</Extensions>
    </Filter>
    <Filter Include="头文件">
      <UniqueIdentifier>{93995380-89BD-4b04-88EB-625FBE52EBFB}</UniqueIdentifier>
      <Extensions>h;hh;hpp;hxx;h++;hm;inl;inc;ipp;xsd</Extensions>
    </Filter>
    <Filter Include="资源文件">
      <UniqueIdentifier>{67DA6AB6-F800-4c08-8B7A-83BB121AAD01}</UniqueIdentifier>
      <Extensions>rc;ico;cur;bmp;dlg;rc2;rct;bin;rgs;gif;jpg;jpeg;jpe;resx;tiff;tif;png;wav;mfcribbon-ms</Extensions>
    </Filter>
    <Filter Include="Thunks">
      <UniqueIdentifier>{bf4f459d-2e65-4c27-9bee-2e3dff6a3d70}</UniqueIdentifier>
    </Filter>
    <Filter Include="源文件\UnitTest">
      <UniqueIdentifier>{14839854-72a8-4749-9620-293e5a77f9c4}</UniqueIdentifier>
    </Filter>
    <Filter Include="源文件\def">
      <UniqueIdentifier>{8046066d-ae9e-41ab-99d4-f33fd6889199}</UniqueIdentifier>
    </Filter>
    <Filter Include="源文件\def\x86">
      <UniqueIdentifier>{80f481d4-acd7-47dc-ad36-f9d681a5c7fd}</UniqueIdentifier>
    </Filter>
    <Filter Include="源文件\def\x64">
      <UniqueIdentifier>{d6cf9186-955d-44be-b803-54333f18d63d}</UniqueIdentifier>
    </Filter>
  </ItemGroup>
  <ItemGroup>
    <ClCompile Include="pch.cpp">
      <Filter>源文件</Filter>
    </ClCompile>
    <ClCompile Include="api-ms-win-core-path.UnitTest.cpp">
      <Filter>源文件\UnitTest</Filter>
    </ClCompile>
    <ClCompile Include="YY-Thunks.UnitTest.cpp">
      <Filter>源文件\UnitTest</Filter>
    </ClCompile>
    <ClCompile Include="api-ms-win-core-threadpool.UnitTest.cpp">
      <Filter>源文件\UnitTest</Filter>
    </ClCompile>
    <ClCompile Include="api-ms-win-core-fibers.UnitTest.cpp">
      <Filter>源文件\UnitTest</Filter>
    </ClCompile>
    <ClCompile Include="api-ms-win-core-synch.UnitTest.cpp">
      <Filter>源文件\UnitTest</Filter>
    </ClCompile>
    <ClCompile Include="api-ms-win-core-localization.UnitTest.cpp">
      <Filter>源文件\UnitTest</Filter>
    </ClCompile>
    <ClCompile Include="..\Thunks\YY_Thunks.cpp">
      <Filter>源文件</Filter>
    </ClCompile>
    <ClCompile Include="bcrypt.UnitTest.cpp">
      <Filter>源文件\UnitTest</Filter>
    </ClCompile>
    <ClCompile Include="Iphlpapi.UnitTest.cpp">
      <Filter>源文件\UnitTest</Filter>
    </ClCompile>
    <ClCompile Include="api-ms-win-power-base.UnitTest.cpp">
      <Filter>源文件\UnitTest</Filter>
    </ClCompile>
  </ItemGroup>
  <ItemGroup>
    <ClInclude Include="pch.h">
      <Filter>头文件</Filter>
    </ClInclude>
    <ClInclude Include="..\Thunks\api-ms-win-core-datetime.hpp">
      <Filter>Thunks</Filter>
    </ClInclude>
    <ClInclude Include="..\Thunks\api-ms-win-core-errorhandling.hpp">
      <Filter>Thunks</Filter>
    </ClInclude>
    <ClInclude Include="..\Thunks\api-ms-win-core-file.hpp">
      <Filter>Thunks</Filter>
    </ClInclude>
    <ClInclude Include="..\Thunks\api-ms-win-core-interlocked.hpp">
      <Filter>Thunks</Filter>
    </ClInclude>
    <ClInclude Include="..\Thunks\api-ms-win-core-io.hpp">
      <Filter>Thunks</Filter>
    </ClInclude>
    <ClInclude Include="..\Thunks\api-ms-win-core-libraryloader.hpp">
      <Filter>Thunks</Filter>
    </ClInclude>
    <ClInclude Include="..\Thunks\api-ms-win-core-localization.hpp">
      <Filter>Thunks</Filter>
    </ClInclude>
    <ClInclude Include="..\Thunks\api-ms-win-core-path.hpp">
      <Filter>Thunks</Filter>
    </ClInclude>
    <ClInclude Include="..\Thunks\api-ms-win-core-processthreads.hpp">
      <Filter>Thunks</Filter>
    </ClInclude>
    <ClInclude Include="..\Thunks\api-ms-win-core-psapi.hpp">
      <Filter>Thunks</Filter>
    </ClInclude>
    <ClInclude Include="..\Thunks\api-ms-win-core-realtime.hpp">
      <Filter>Thunks</Filter>
    </ClInclude>
    <ClInclude Include="..\Thunks\api-ms-win-core-registry.hpp">
      <Filter>Thunks</Filter>
    </ClInclude>
    <ClInclude Include="..\Thunks\api-ms-win-core-string.hpp">
      <Filter>Thunks</Filter>
    </ClInclude>
    <ClInclude Include="..\Thunks\api-ms-win-core-synch.hpp">
      <Filter>Thunks</Filter>
    </ClInclude>
    <ClInclude Include="..\Thunks\api-ms-win-core-sysinfo.hpp">
      <Filter>Thunks</Filter>
    </ClInclude>
    <ClInclude Include="..\Thunks\api-ms-win-core-systemtopology.hpp">
      <Filter>Thunks</Filter>
    </ClInclude>
    <ClInclude Include="..\Thunks\api-ms-win-core-util.hpp">
      <Filter>Thunks</Filter>
    </ClInclude>
    <ClInclude Include="..\Thunks\api-ms-win-core-version.hpp">
      <Filter>Thunks</Filter>
    </ClInclude>
    <ClInclude Include="..\Thunks\api-ms-win-core-winrt.hpp">
      <Filter>Thunks</Filter>
    </ClInclude>
    <ClInclude Include="..\Thunks\api-ms-win-core-winrt-error.hpp">
      <Filter>Thunks</Filter>
    </ClInclude>
    <ClInclude Include="..\Thunks\api-ms-win-core-winrt-string.hpp">
      <Filter>Thunks</Filter>
    </ClInclude>
    <ClInclude Include="..\Thunks\api-ms-win-core-wow64.hpp">
      <Filter>Thunks</Filter>
    </ClInclude>
    <ClInclude Include="..\Thunks\kernel32.hpp">
      <Filter>Thunks</Filter>
    </ClInclude>
    <ClInclude Include="..\Thunks\psapi.hpp">
      <Filter>Thunks</Filter>
    </ClInclude>
    <ClInclude Include="..\Thunks\SetupAPI.hpp">
      <Filter>Thunks</Filter>
    </ClInclude>
    <ClInclude Include="..\Thunks\shcore.hpp">
      <Filter>Thunks</Filter>
    </ClInclude>
    <ClInclude Include="..\Thunks\shell32.hpp">
      <Filter>Thunks</Filter>
    </ClInclude>
    <ClInclude Include="..\Thunks\shlwapi.hpp">
      <Filter>Thunks</Filter>
    </ClInclude>
    <ClInclude Include="..\Thunks\user32.hpp">
      <Filter>Thunks</Filter>
    </ClInclude>
    <ClInclude Include="..\Thunks\WS2_32.hpp">
      <Filter>Thunks</Filter>
    </ClInclude>
    <ClInclude Include="..\Thunks\api-ms-win-core-processtopology-obsolete.hpp">
      <Filter>Thunks</Filter>
    </ClInclude>
    <ClInclude Include="..\Thunks\api-ms-win-core-memory.hpp">
      <Filter>Thunks</Filter>
    </ClInclude>
    <ClInclude Include="..\Thunks\api-ms-win-core-threadpool.hpp">
      <Filter>Thunks</Filter>
    </ClInclude>
    <ClInclude Include="..\Thunks\api-ms-win-core-fibers.hpp">
      <Filter>Thunks</Filter>
    </ClInclude>
    <ClInclude Include="..\Thunks\api-ms-win-core-timezone.hpp">
      <Filter>Thunks</Filter>
    </ClInclude>
    <ClInclude Include="..\Thunks\Pdh.hpp">
      <Filter>Thunks</Filter>
    </ClInclude>
    <ClInclude Include="..\Thunks\ext-ms-win-ntuser-window.hpp">
      <Filter>Thunks</Filter>
    </ClInclude>
    <ClInclude Include="..\Thunks\api-ms-win-core-com.hpp">
      <Filter>Thunks</Filter>
    </ClInclude>
    <ClInclude Include="..\Thunks\bcrypt.hpp">
      <Filter>Thunks</Filter>
    </ClInclude>
    <ClInclude Include="..\Thunks\Iphlpapi.hpp">
      <Filter>Thunks</Filter>
    </ClInclude>
    <ClInclude Include="..\Thunks\userenv.hpp">
      <Filter>Thunks</Filter>
    </ClInclude>
    <ClInclude Include="..\Thunks\api-ms-win-eventing-provider.hpp">
      <Filter>Thunks</Filter>
    </ClInclude>
    <ClInclude Include="..\Thunks\mfplat.hpp">
      <Filter>Thunks</Filter>
    </ClInclude>
    <ClInclude Include="..\Thunks\bluetoothapis.hpp">
      <Filter>Thunks</Filter>
    </ClInclude>
    <ClInclude Include="..\Thunks\netapi32.hpp">
      <Filter>Thunks</Filter>
    </ClInclude>
    <ClInclude Include="..\Thunks\api-ms-win-power-base.hpp">
      <Filter>Thunks</Filter>
    </ClInclude>
    <ClInclude Include="..\Thunks\powrprof.hpp">
      <Filter>Thunks</Filter>
    </ClInclude>
    <ClInclude Include="..\Thunks\ext-ms-win-ntuser-powermanagement.hpp">
      <Filter>Thunks</Filter>
    </ClInclude>
    <ClInclude Include="..\Thunks\ThreadRunner.h">
      <Filter>源文件</Filter>
    </ClInclude>
  </ItemGroup>
  <ItemGroup>
    <None Include="..\def\x86\PSAPI2Kernel32.def">
      <Filter>源文件\def\x86</Filter>
    </None>
    <None Include="..\def\x64\PSAPI2Kernel32.def">
      <Filter>源文件\def\x64</Filter>
    </None>
  </ItemGroup>
</Project>