
Microsoft Visual Studio Solution File, Format Version 12.00
# Visual Studio Version 16
VisualStudioVersion = 16.0.30804.86
MinimumVisualStudioVersion = 10.0.40219.1
Project("{8BC9CEB8-8B4A-11D0-8D11-00A0C91BC942}") = "YY_Thunks", "YY_Thunks.vcxproj", "{05B31B17-534E-427B-8E18-3DDDDF384A34}"
EndProject
Global
	GlobalSection(SolutionConfigurationPlatforms) = preSolution
		Release|x64 = Release|x64
		Release|x86 = Release|x86
	EndGlobalSection
	GlobalSection(ProjectConfigurationPlatforms) = postSolution
		{05B31B17-534E-427B-8E18-3DDDDF384A34}.Release|x64.ActiveCfg = Release|x64
		{05B31B17-534E-427B-8E18-3DDDDF384A34}.Release|x64.Build.0 = Release|x64
		{05B31B17-534E-427B-8E18-3DDDDF384A34}.Release|x86.ActiveCfg = Release|Win32
		{05B31B17-534E-427B-8E18-3DDDDF384A34}.Release|x86.Build.0 = Release|Win32
	EndGlobalSection
	GlobalSection(SolutionProperties) = preSolution
		HideSolutionNode = FALSE
	EndGlobalSection
	GlobalSection(ExtensibilityGlobals) = postSolution
		SolutionGuid = {A4452926-FD5C-4FD0-AF1E-91ED99AA4091}
	EndGlobalSection
EndGlobal
